
Microsoft Visual Studio Solution File, Format Version 12.00
# Visual Studio Version 17
VisualStudioVersion = 17.11.35312.102
MinimumVisualStudioVersion = 10.0.40219.1
Project("{9A19103F-16F7-4668-BE54-9A1E7A4F7556}") = "UnsubscribeService", "UnsubscribeService.csproj", "{44E92590-7EB3-40D5-B2CD-7D751B394153}"
EndProject
Global
	GlobalSection(SolutionConfigurationPlatforms) = preSolution
		Debug|Any CPU = Debug|Any CPU
		Release|Any CPU = Release|Any CPU
	EndGlobalSection
	GlobalSection(ProjectConfigurationPlatforms) = postSolution
		{44E92590-7EB3-40D5-B2CD-7D751B394153}.Debug|Any CPU.ActiveCfg = Debug|Any CPU
		{44E92590-7EB3-40D5-B2CD-7D751B394153}.Debug|Any CPU.Build.0 = Debug|Any CPU
		{44E92590-7EB3-40D5-B2CD-7D751B394153}.Release|Any CPU.ActiveCfg = Release|Any CPU
		{44E92590-7EB3-40D5-B2CD-7D751B394153}.Release|Any CPU.Build.0 = Release|Any CPU
	EndGlobalSection
	GlobalSection(SolutionProperties) = preSolution
		HideSolutionNode = FALSE
	EndGlobalSection
	GlobalSection(ExtensibilityGlobals) = postSolution
		SolutionGuid = {1697C646-4544-4E55-9414-6BD0051D7008}
	EndGlobalSection
EndGlobal
